
Microsoft Visual Studio Solution File, Format Version 12.00
# Visual Studio Version 16
VisualStudioVersion = 16.0.32126.315
MinimumVisualStudioVersion = 10.0.40219.1
Project("{FAE04EC0-301F-11D3-BF4B-00C04F79EFBC}") = "QuanLyQuanAnNhanh", "QuanLyQuanAnNhanh\QuanLyQuanAnNhanh.csproj", "{F19B2108-D192-4098-91B2-2BFEE73A52B0}"
EndProject
Global
	GlobalSection(SolutionConfigurationPlatforms) = preSolution
		Debug|Any CPU = Debug|Any CPU
		Release|Any CPU = Release|Any CPU
	EndGlobalSection
	GlobalSection(ProjectConfigurationPlatforms) = postSolution
		{F19B2108-D192-4098-91B2-2BFEE73A52B0}.Debug|Any CPU.ActiveCfg = Debug|Any CPU
		{F19B2108-D192-4098-91B2-2BFEE73A52B0}.Debug|Any CPU.Build.0 = Debug|Any CPU
		{F19B2108-D192-4098-91B2-2BFEE73A52B0}.Release|Any CPU.ActiveCfg = Release|Any CPU
		{F19B2108-D192-4098-91B2-2BFEE73A52B0}.Release|Any CPU.Build.0 = Release|Any CPU
	EndGlobalSection
	GlobalSection(SolutionProperties) = preSolution
		HideSolutionNode = FALSE
	EndGlobalSection
	GlobalSection(ExtensibilityGlobals) = postSolution
		SolutionGuid = {A29E6233-97BE-44CE-A8BB-26D8471937D9}
	EndGlobalSection
EndGlobal
